// !$*UTF8*$!
{
	archiveVersion = 1;
	classes = {
	};
	objectVersion = 46;
	objects = {

/* Begin PBXBuildFile section */
		30E96E951D3FD99A00AEC943 /* AppDelegate.swift in Sources */ = {isa = PBXBuildFile; fileRef = 30E96E941D3FD99A00AEC943 /* AppDelegate.swift */; };
		30E96E971D3FD99A00AEC943 /* ViewController.swift in Sources */ = {isa = PBXBuildFile; fileRef = 30E96E961D3FD99A00AEC943 /* ViewController.swift */; };
		30E96E9A1D3FD99A00AEC943 /* Main.storyboard in Resources */ = {isa = PBXBuildFile; fileRef = 30E96E981D3FD99A00AEC943 /* Main.storyboard */; };
		30E96E9C1D3FD99A00AEC943 /* Assets.xcassets in Resources */ = {isa = PBXBuildFile; fileRef = 30E96E9B1D3FD99A00AEC943 /* Assets.xcassets */; };
		30E96E9F1D3FD99A00AEC943 /* LaunchScreen.storyboard in Resources */ = {isa = PBXBuildFile; fileRef = 30E96E9D1D3FD99A00AEC943 /* LaunchScreen.storyboard */; };
/* End PBXBuildFile section */

/* Begin PBXFileReference section */
		30E96E911D3FD99A00AEC943 /* Demo07-20-16.app */ = {isa = PBXFileReference; explicitFileType = wrapper.application; includeInIndex = 0; path = "Demo07-20-16.app"; sourceTree = BUILT_PRODUCTS_DIR; };
		30E96E941D3FD99A00AEC943 /* AppDelegate.swift */ = {isa = PBXFileReference; lastKnownFileType = sourcecode.swift; path = AppDelegate.swift; sourceTree = "<group>"; };
		30E96E961D3FD99A00AEC943 /* ViewController.swift */ = {isa = PBXFileReference; lastKnownFileType = sourcecode.swift; path = ViewController.swift; sourceTree = "<group>"; };
		30E96E991D3FD99A00AEC943 /* Base */ = {isa = PBXFileReference; lastKnownFileType = file.storyboard; name = Base; path = Base.lproj/Main.storyboard; sourceTree = "<group>"; };
		30E96E9B1D3FD99A00AEC943 /* Assets.xcassets */ = {isa = PBXFileReference; lastKnownFileType = folder.assetcatalog; path = Assets.xcassets; sourceTree = "<group>"; };
		30E96E9E1D3FD99A00AEC943 /* Base */ = {isa = PBXFileReference; lastKnownFileType = file.storyboard; name = Base; path = Base.lproj/LaunchScreen.storyboard; sourceTree = "<group>"; };
		30E96EA01D3FD99A00AEC943 /* Info.plist */ = {isa = PBXFileReference; lastKnownFileType = text.plist.xml; path = Info.plist; sourceTree = "<group>"; };
/* End PBXFileReference section */

/* Begin PBXFrameworksBuildPhase section */
		30E96E8E1D3FD99A00AEC943 /* Frameworks */ = {
			isa = PBXFrameworksBuildPhase;
			buildActionMask = 2147483647;
			files = (
			);
			runOnlyForDeploymentPostprocessing = 0;
		};
/* End PBXFrameworksBuildPhase section */

/* Begin PBXGroup section */
		30E96E881D3FD99A00AEC943 = {
			isa = PBXGroup;
			children = (
				30E96E931D3FD99A00AEC943 /* Demo07-20-16 */,
				30E96E921D3FD99A00AEC943 /* Products */,
			);
			sourceTree = "<group>";
		};
		30E96E921D3FD99A00AEC943 /* Products */ = {
			isa = PBXGroup;
			children = (
				30E96E911D3FD99A00AEC943 /* Demo07-20-16.app */,
			);
			name = Products;
			sourceTree = "<group>";
		};
		30E96E931D3FD99A00AEC943 /* Demo07-20-16 */ = {
			isa = PBXGroup;
			children = (
				30E96E941D3FD99A00AEC943 /* AppDelegate.swift */,
				30E96E961D3FD99A00AEC943 /* ViewController.swift */,
				30E96E981D3FD99A00AEC943 /* Main.storyboard */,
				30E96E9B1D3FD99A00AEC943 /* Assets.xcassets */,
				30E96E9D1D3FD99A00AEC943 /* LaunchScreen.storyboard */,
				30E96EA01D3FD99A00AEC943 /* Info.plist */,
			);
			path = "Demo07-20-16";
			sourceTree = "<group>";
		};
/* End PBXGroup section */

/* Begin PBXNativeTarget section */
		30E96E901D3FD99A00AEC943 /* Demo07-20-16 */ = {
			isa = PBXNativeTarget;
			buildConfigurationList = 30E96EA31D3FD99A00AEC943 /* Build configuration list for PBXNativeTarget "Demo07-20-16" */;
			buildPhases = (
				30E96E8D1D3FD99A00AEC943 /* Sources */,
				30E96E8E1D3FD99A00AEC943 /* Frameworks */,
				30E96E8F1D3FD99A00AEC943 /* Resources */,
			);
			buildRules = (
			);
			dependencies = (
			);
			name = "Demo07-20-16";
			productName = "Demo07-20-16";
			productReference = 30E96E911D3FD99A00AEC943 /* Demo07-20-16.app */;
			productType = "com.apple.product-type.application";
		};
/* End PBXNativeTarget section */

/* Begin PBXProject section */
		30E96E891D3FD99A00AEC943 /* Project object */ = {
			isa = PBXProject;
			attributes = {
				LastSwiftUpdateCheck = 0730;
				LastUpgradeCheck = 0730;
				ORGANIZATIONNAME = Shutinglang;
				TargetAttributes = {
					30E96E901D3FD99A00AEC943 = {
						CreatedOnToolsVersion = 7.3.1;
					};
				};
			};
			buildConfigurationList = 30E96E8C1D3FD99A00AEC943 /* Build configuration list for PBXProject "Demo07-20-16" */;
			compatibilityVersion = "Xcode 3.2";
			developmentRegion = English;
			hasScannedForEncodings = 0;
			knownRegions = (
				en,
				Base,
			);
			mainGroup = 30E96E881D3FD99A00AEC943;
			productRefGroup = 30E96E921D3FD99A00AEC943 /* Products */;
			projectDirPath = "";
			projectRoot = "";
			targets = (
				30E96E901D3FD99A00AEC943 /* Demo07-20-16 */,
			);
		};
/* End PBXProject section */

/* Begin PBXResourcesBuildPhase section */
		30E96E8F1D3FD99A00AEC943 /* Resources */ = {
			isa = PBXResourcesBuildPhase;
			buildActionMask = 2147483647;
			files = (
				30E96E9F1D3FD99A00AEC943 /* LaunchScreen.storyboard in Resources */,
				30E96E9C1D3FD99A00AEC943 /* Assets.xcassets in Resources */,
				30E96E9A1D3FD99A00AEC943 /* Main.storyboard in Resources */,
			);
			runOnlyForDeploymentPostprocessing = 0;
		};
/* End PBXResourcesBuildPhase section */

/* Begin PBXSourcesBuildPhase section */
		30E96E8D1D3FD99A00AEC943 /* Sources */ = {
			isa = PBXSourcesBuildPhase;
			buildActionMask = 2147483647;
			files = (
				30E96E971D3FD99A00AEC943 /* ViewController.swift in Sources */,
				30E96E951D3FD99A00AEC943 /* AppDelegate.swift in Sources */,
			);
			runOnlyForDeploymentPostprocessing = 0;
		};
/* End PBXSourcesBuildPhase section */

/* Begin PBXVariantGroup section */
		30E96E981D3FD99A00AEC943 /* Main.storyboard */ = {
			isa = PBXVariantGroup;
			children = (
				30E96E991D3FD99A00AEC943 /* Base */,
			);
			name = Main.storyboard;
			sourceTree = "<group>";
		};
		30E96E9D1D3FD99A00AEC943 /* LaunchScreen.storyboard */ = {
			isa = PBXVariantGroup;
			children = (
				30E96E9E1D3FD99A00AEC943 /* Base */,
			);
			name = LaunchScreen.storyboard;
			sourceTree = "<group>";
		};
/* End PBXVariantGroup section */

/* Begin XCBuildConfiguration section */
		30E96EA11D3FD99A00AEC943 /* Debug */ = {
			isa = XCBuildConfiguration;
			buildSettings = {
				ALWAYS_SEARCH_USER_PATHS = NO;
				CLANG_ANALYZER_NONNULL = YES;
				CLANG_CXX_LANGUAGE_STANDARD = "gnu++0x";
				CLANG_CXX_LIBRARY = "libc++";
				CLANG_ENABLE_MODULES = YES;
				CLANG_ENABLE_OBJC_ARC = YES;
				CLANG_WARN_BOOL_CONVERSION = YES;
				CLANG_WARN_CONSTANT_CONVERSION = YES;
				CLANG_WARN_DIRECT_OBJC_ISA_USAGE = YES_ERROR;
				CLANG_WARN_EMPTY_BODY = YES;
				CLANG_WARN_ENUM_CONVERSION = YES;
				CLANG_WARN_INT_CONVERSION = YES;
				CLANG_WARN_OBJC_ROOT_CLASS = YES_ERROR;
				CLANG_WARN_UNREACHABLE_CODE = YES;
				CLANG_WARN__DUPLICATE_METHOD_MATCH = YES;
				"CODE_SIGN_IDENTITY[sdk=iphoneos*]" = "iPhone Developer";
				COPY_PHASE_STRIP = NO;
				DEBUG_INFORMATION_FORMAT = dwarf;
				ENABLE_STRICT_OBJC_MSGSEND = YES;
				ENABLE_TESTABILITY = YES;
				GCC_C_LANGUAGE_STANDARD = gnu99;
				GCC_DYNAMIC_NO_PIC = NO;
				GCC_NO_COMMON_BLOCKS = YES;
				GCC_OPTIMIZATION_LEVEL = 0;
				GCC_PREPROCESSOR_DEFINITIONS = (
					"DEBUG=1",
					"$(inherited)",
				);
				GCC_WARN_64_TO_32_BIT_CONVERSION = YES;
				GCC_WARN_ABOUT_RETURN_TYPE = YES_ERROR;
				GCC_WARN_UNDECLARED_SELECTOR = YES;
				GCC_WARN_UNINITIALIZED_AUTOS = YES_AGGRESSIVE;
				GCC_WARN_UNUSED_FUNCTION = YES;
				GCC_WARN_UNUSED_VARIABLE = YES;
				IPHONEOS_DEPLOYMENT_TARGET = 9.3;
				MTL_ENABLE_DEBUG_INFO = YES;
				ONLY_ACTIVE_ARCH = YES;
				SDKROOT = iphoneos;
				SWIFT_OPTIMIZATION_LEVEL = "-Onone";
			};
			name = Debug;
		};
		30E96EA21D3FD99A00AEC943 /* Release */ = {
			isa = XCBuildConfiguration;
			buildSettings = {
				ALWAYS_SEARCH_USER_PATHS = NO;
				CLANG_ANALYZER_NONNULL = YES;
				CLANG_CXX_LANGUAGE_STANDARD = "gnu++0x";
				CLANG_CXX_LIBRARY = "libc++";
				CLANG_ENABLE_MODULES = YES;
				CLANG_ENABLE_OBJC_ARC = YES;
				CLANG_WARN_BOOL_CONVERSION = YES;
				CLANG_WARN_CONSTANT_CONVERSION = YES;
				CLANG_WARN_DIRECT_OBJC_ISA_USAGE = YES_ERROR;
				CLANG_WARN_EMPTY_BODY = YES;
				CLANG_WARN_ENUM_CONVERSION = YES;
				CLANG_WARN_INT_CONVERSION = YES;
				CLANG_WARN_OBJC_ROOT_CLASS = YES_ERROR;
				CLANG_WARN_UNREACHABLE_CODE = YES;
				CLANG_WARN__DUPLICATE_METHOD_MATCH = YES;
				"CODE_SIGN_IDENTITY[sdk=iphoneos*]" = "iPhone Developer";
				COPY_PHASE_STRIP = NO;
				DEBUG_INFORMATION_FORMAT = "dwarf-with-dsym";
				ENABLE_NS_ASSERTIONS = NO;
				ENABLE_STRICT_OBJC_MSGSEND = YES;
				GCC_C_LANGUAGE_STANDARD = gnu99;
				GCC_NO_COMMON_BLOCKS = YES;
				GCC_WARN_64_TO_32_BIT_CONVERSION = YES;
				GCC_WARN_ABOUT_RETURN_TYPE = YES_ERROR;
				GCC_WARN_UNDECLARED_SELECTOR = YES;
				GCC_WARN_UNINITIALIZED_AUTOS = YES_AGGRESSIVE;
				GCC_WARN_UNUSED_FUNCTION = YES;
				GCC_WARN_UNUSED_VARIABLE = YES;
				IPHONEOS_DEPLOYMENT_TARGET = 9.3;
				MTL_ENABLE_DEBUG_INFO = NO;
				SDKROOT = iphoneos;
				VALIDATE_PRODUCT = YES;
			};
			name = Release;
		};
		30E96EA41D3FD99A00AEC943 /* Debug */ = {
			isa = XCBuildConfiguration;
			buildSettings = {
				ASSETCATALOG_COMPILER_APPICON_NAME = AppIcon;
				INFOPLIST_FILE = "Demo07-20-16/Info.plist";
				LD_RUNPATH_SEARCH_PATHS = "$(inherited) @executable_path/Frameworks";
				PRODUCT_BUNDLE_IDENTIFIER = "shuting.Demo07-20-16";
				PRODUCT_NAME = "$(TARGET_NAME)";
			};
			name = Debug;
		};
		30E96EA51D3FD99A00AEC943 /* Release */ = {
			isa = XCBuildConfiguration;
			buildSettings = {
				ASSETCATALOG_COMPILER_APPICON_NAME = AppIcon;
				INFOPLIST_FILE = "Demo07-20-16/Info.plist";
				LD_RUNPATH_SEARCH_PATHS = "$(inherited) @executable_path/Frameworks";
				PRODUCT_BUNDLE_IDENTIFIER = "shuting.Demo07-20-16";
				PRODUCT_NAME = "$(TARGET_NAME)";
			};
			name = Release;
		};
/* End XCBuildConfiguration section */

/* Begin XCConfigurationList section */
		30E96E8C1D3FD99A00AEC943 /* Build configuration list for PBXProject "Demo07-20-16" */ = {
			isa = XCConfigurationList;
			buildConfigurations = (
				30E96EA11D3FD99A00AEC943 /* Debug */,
				30E96EA21D3FD99A00AEC943 /* Release */,
			);
			defaultConfigurationIsVisible = 0;
			defaultConfigurationName = Release;
		};
		30E96EA31D3FD99A00AEC943 /* Build configuration list for PBXNativeTarget "Demo07-20-16" */ = {
			isa = XCConfigurationList;
			buildConfigurations = (
				30E96EA41D3FD99A00AEC943 /* Debug */,
				30E96EA51D3FD99A00AEC943 /* Release */,
			);
			defaultConfigurationIsVisible = 0;
		};
/* End XCConfigurationList section */
	};
	rootObject = 30E96E891D3FD99A00AEC943 /* Project object */;
}
